
Microsoft Visual Studio Solution File, Format Version 12.00
Project("{2150E333-8FDC-42A3-9474-1A3956D46DE8}") = "src", "src", "{C36C5847-1316-4B41-94CA-1CA9601C6B55}"
EndProject
Project("{2150E333-8FDC-42A3-9474-1A3956D46DE8}") = "test", "test", "{722E2AD1-BB99-4536-92DD-EB7ACC5AC421}"
EndProject
Project("{2150E333-8FDC-42A3-9474-1A3956D46DE8}") = "codegen", "codegen", "{14D92645-C96A-4856-A758-52776FB9EC97}"
EndProject
Project("{FAE04EC0-301F-11D3-BF4B-00C04F79EFBC}") = "Bingus.Core", "src\Bingus.Core\Bingus.Core.csproj", "{0F1FA609-B4C2-4DFA-9C17-0F64B02AC49A}"
EndProject
Project("{FAE04EC0-301F-11D3-BF4B-00C04F79EFBC}") = "MiscTests", "test\MiscTests\MiscTests.csproj", "{7E11D6F3-C0B8-425B-82DC-8C2E0500010A}"
EndProject
Project("{FAE04EC0-301F-11D3-BF4B-00C04F79EFBC}") = "Bingus", "src\Bingus\Bingus.csproj", "{5D698776-8FC3-4B75-BA14-571C3ED1663A}"
EndProject
Project("{FAE04EC0-301F-11D3-BF4B-00C04F79EFBC}") = "Benchmarks", "test\Benchmarks\Benchmarks.csproj", "{0471538F-CE79-4AF6-9774-06E69437B774}"
EndProject
Global
	GlobalSection(SolutionConfigurationPlatforms) = preSolution
		Debug|Any CPU = Debug|Any CPU
		Release|Any CPU = Release|Any CPU
	EndGlobalSection
	GlobalSection(NestedProjects) = preSolution
		{0F1FA609-B4C2-4DFA-9C17-0F64B02AC49A} = {C36C5847-1316-4B41-94CA-1CA9601C6B55}
		{7E11D6F3-C0B8-425B-82DC-8C2E0500010A} = {722E2AD1-BB99-4536-92DD-EB7ACC5AC421}
		{5D698776-8FC3-4B75-BA14-571C3ED1663A} = {C36C5847-1316-4B41-94CA-1CA9601C6B55}
		{0471538F-CE79-4AF6-9774-06E69437B774} = {722E2AD1-BB99-4536-92DD-EB7ACC5AC421}
	EndGlobalSection
	GlobalSection(ProjectConfigurationPlatforms) = postSolution
		{0F1FA609-B4C2-4DFA-9C17-0F64B02AC49A}.Debug|Any CPU.ActiveCfg = Debug|Any CPU
		{0F1FA609-B4C2-4DFA-9C17-0F64B02AC49A}.Debug|Any CPU.Build.0 = Debug|Any CPU
		{0F1FA609-B4C2-4DFA-9C17-0F64B02AC49A}.Release|Any CPU.ActiveCfg = Release|Any CPU
		{0F1FA609-B4C2-4DFA-9C17-0F64B02AC49A}.Release|Any CPU.Build.0 = Release|Any CPU
		{7E11D6F3-C0B8-425B-82DC-8C2E0500010A}.Debug|Any CPU.ActiveCfg = Debug|Any CPU
		{7E11D6F3-C0B8-425B-82DC-8C2E0500010A}.Debug|Any CPU.Build.0 = Debug|Any CPU
		{7E11D6F3-C0B8-425B-82DC-8C2E0500010A}.Release|Any CPU.ActiveCfg = Release|Any CPU
		{7E11D6F3-C0B8-425B-82DC-8C2E0500010A}.Release|Any CPU.Build.0 = Release|Any CPU
		{5D698776-8FC3-4B75-BA14-571C3ED1663A}.Debug|Any CPU.ActiveCfg = Debug|Any CPU
		{5D698776-8FC3-4B75-BA14-571C3ED1663A}.Debug|Any CPU.Build.0 = Debug|Any CPU
		{5D698776-8FC3-4B75-BA14-571C3ED1663A}.Release|Any CPU.ActiveCfg = Release|Any CPU
		{5D698776-8FC3-4B75-BA14-571C3ED1663A}.Release|Any CPU.Build.0 = Release|Any CPU
		{0471538F-CE79-4AF6-9774-06E69437B774}.Debug|Any CPU.ActiveCfg = Debug|Any CPU
		{0471538F-CE79-4AF6-9774-06E69437B774}.Debug|Any CPU.Build.0 = Debug|Any CPU
		{0471538F-CE79-4AF6-9774-06E69437B774}.Release|Any CPU.ActiveCfg = Release|Any CPU
		{0471538F-CE79-4AF6-9774-06E69437B774}.Release|Any CPU.Build.0 = Release|Any CPU
	EndGlobalSection
EndGlobal
